
Microsoft Visual Studio Solution File, Format Version 12.00
# Visual Studio Version 16
VisualStudioVersion = 16.0.28803.352
MinimumVisualStudioVersion = 10.0.40219.1
Project("{2150E333-8FDC-42A3-9474-1A3956D46DE8}") = "src", "src", "{265BAFB4-AB2C-452A-93BD-8015490E421E}"
EndProject
Project("{2150E333-8FDC-42A3-9474-1A3956D46DE8}") = "Solution Items", "Solution Items", "{FBBE899D-D31C-4DAB-BE1D-2F9DD5B20AB2}"
	ProjectSection(SolutionItems) = preProject
		global.json = global.json
		README.md = README.md
	EndProjectSection
EndProject
Project("{9A19103F-16F7-4668-BE54-9A1E7A4F7556}") = "AzureTableStorageCache", "src\AzureTableStorageCache\AzureTableStorageCache.csproj", "{1976F662-ED03-4321-B4B3-E48BF750E144}"
EndProject
Project("{9A19103F-16F7-4668-BE54-9A1E7A4F7556}") = "AzureTableStorageCacheSample", "src\AzureTableStorageCacheSample\AzureTableStorageCacheSample.csproj", "{E1B14BDB-46C5-4792-A95E-41D9461298E2}"
EndProject
Project("{9A19103F-16F7-4668-BE54-9A1E7A4F7556}") = "AzureTableStorageCacheNetStandard", "src\AzureTableStorageCacheNetStandard\AzureTableStorageCacheNetStandard.csproj", "{227F598B-8312-48AD-B196-17411FF7C494}"
EndProject
Project("{FAE04EC0-301F-11D3-BF4B-00C04F79EFBC}") = "AzureTableStorageCacheNetStandardSample", "src\AzureTableStorageCacheNetStandardSample\AzureTableStorageCacheNetStandardSample.csproj", "{E168D80D-E491-4DB2-8B29-785F9DB36291}"
EndProject
Global
	GlobalSection(SolutionConfigurationPlatforms) = preSolution
		Debug|Any CPU = Debug|Any CPU
		Release|Any CPU = Release|Any CPU
	EndGlobalSection
	GlobalSection(ProjectConfigurationPlatforms) = postSolution
		{1976F662-ED03-4321-B4B3-E48BF750E144}.Debug|Any CPU.ActiveCfg = Debug|Any CPU
		{1976F662-ED03-4321-B4B3-E48BF750E144}.Debug|Any CPU.Build.0 = Debug|Any CPU
		{1976F662-ED03-4321-B4B3-E48BF750E144}.Release|Any CPU.ActiveCfg = Release|Any CPU
		{1976F662-ED03-4321-B4B3-E48BF750E144}.Release|Any CPU.Build.0 = Release|Any CPU
		{E1B14BDB-46C5-4792-A95E-41D9461298E2}.Debug|Any CPU.ActiveCfg = Debug|Any CPU
		{E1B14BDB-46C5-4792-A95E-41D9461298E2}.Debug|Any CPU.Build.0 = Debug|Any CPU
		{E1B14BDB-46C5-4792-A95E-41D9461298E2}.Release|Any CPU.ActiveCfg = Release|Any CPU
		{E1B14BDB-46C5-4792-A95E-41D9461298E2}.Release|Any CPU.Build.0 = Release|Any CPU
		{227F598B-8312-48AD-B196-17411FF7C494}.Debug|Any CPU.ActiveCfg = Debug|Any CPU
		{227F598B-8312-48AD-B196-17411FF7C494}.Debug|Any CPU.Build.0 = Debug|Any CPU
		{227F598B-8312-48AD-B196-17411FF7C494}.Release|Any CPU.ActiveCfg = Release|Any CPU
		{227F598B-8312-48AD-B196-17411FF7C494}.Release|Any CPU.Build.0 = Release|Any CPU
		{E168D80D-E491-4DB2-8B29-785F9DB36291}.Debug|Any CPU.ActiveCfg = Debug|Any CPU
		{E168D80D-E491-4DB2-8B29-785F9DB36291}.Debug|Any CPU.Build.0 = Debug|Any CPU
		{E168D80D-E491-4DB2-8B29-785F9DB36291}.Release|Any CPU.ActiveCfg = Release|Any CPU
		{E168D80D-E491-4DB2-8B29-785F9DB36291}.Release|Any CPU.Build.0 = Release|Any CPU
	EndGlobalSection
	GlobalSection(SolutionProperties) = preSolution
		HideSolutionNode = FALSE
	EndGlobalSection
	GlobalSection(NestedProjects) = preSolution
		{1976F662-ED03-4321-B4B3-E48BF750E144} = {265BAFB4-AB2C-452A-93BD-8015490E421E}
		{E1B14BDB-46C5-4792-A95E-41D9461298E2} = {265BAFB4-AB2C-452A-93BD-8015490E421E}
		{227F598B-8312-48AD-B196-17411FF7C494} = {265BAFB4-AB2C-452A-93BD-8015490E421E}
		{E168D80D-E491-4DB2-8B29-785F9DB36291} = {265BAFB4-AB2C-452A-93BD-8015490E421E}
	EndGlobalSection
	GlobalSection(ExtensibilityGlobals) = postSolution
		SolutionGuid = {764D49DA-7689-435C-A07C-2DADF2FC468F}
	EndGlobalSection
EndGlobal
